# crossdev.lock — Cross-toolchain version pins
#
# Regenerated by .github/workflows/regen-pins.yml from
# gentoo/stage3:amd64-openrc-20260727 with '*/* ~*' keywords (no live ebuilds).
# Applied by: make build-image (passed to crossdev --libc / --gcc)
#
# Format: category/package:version:slot  (same as versions.lock)

sys-libs/musl:1.2.6:0
sys-devel/gcc:15.3.1_p20260717:15
