# Pinned package versions for reproducible builds
#
# Format: category/package:version:slot
# Generated by: update-versions.sh update
#
# Updated: 2026-02-09T01:57:48-00:00

app-shells/bash:5.3_p9:0
net-misc/dropbear:2025.89:0
net-misc/curl:8.17.0-r1:0
app-editors/nano:8.7:0
app-arch/xz-utils:5.8.2:0
app-arch/bzip2:1.0.8-r5:0
app-arch/gzip:1.14:0
dev-lang/lua:5.4.8:5.4
sys-apps/file:5.46-r3:0
sys-apps/less:685:0
