# Pinned package versions for reproducible builds
#
# Format: category/package:version:slot
# Generated by: update-versions.sh update
#
# Updated: 2026-04-19T20:52:29-00:00


sys-kernel/monolith-kernel:6.12.80:0
sys-apps/busybox:1.36.1-r4:0
app-shells/bash:5.3_p9-r1:0
app-shells/dash:0.5.13.2:0
sys-apps/sysvinit:3.18:0
sys-apps/coreutils:9.10:0
sys-apps/util-linux:2.41.4:0
sys-apps/findutils:4.10.0:0
sys-apps/grep:3.12:0
sys-apps/sed:4.9-r1:0
sys-apps/gawk:5.4.0-r2:0
sys-apps/diffutils:3.12:0
app-arch/tar:1.35:0
app-text/tree:2.2.1:0
sys-libs/readline:8.3_p3:0
sys-libs/ncurses:6.5_p20251220:0
sys-libs/zlib:1.3.2-r1:0
dev-libs/libpcre2:10.47:0
dev-libs/openssl:3.5.5-r2:0
sys-apps/file:5.47-r1:0
sys-apps/less:692:0
app-editors/vim:9.1.1652-r2:0
app-editors/nano:8.7.1:0
sys-apps/man-pages:6.17-r1:0
app-text/mandoc:1.14.6-r1:0
sys-devel/binutils:2.46.0:2.46
dev-build/make:4.4.1-r102:0
dev-debug/strace:6.19:0
sys-devel/patch:2.8-r1:0
dev-lang/lua:5.4.8:5.4
app-arch/xz-utils:5.8.3:0
app-arch/bzip2:1.0.8-r5:0
app-arch/gzip:1.14:0
sys-apps/iproute2:6.19.0:0
sys-apps/net-tools:2.10:0
net-misc/iputils:20250605-r3:0
net-misc/dhcpcd:10.3.1:0
net-misc/dropbear:2025.89:0
net-misc/curl:8.19.0:0
net-misc/wget:1.25.0-r1:0
net-misc/whois:5.6.6:0
net-analyzer/netcat:110.20180111-r2:0
net-analyzer/traceroute:2.1.5:0
www-client/lynx:2.9.2:0
app-misc/tmux:3.6a:0
sys-apps/shadow:4.19.4:0
sys-process/procps:4.0.6:0
sys-process/htop:3.4.1-r2:0
sys-process/lsof:4.99.5:0
app-admin/sysklogd:2.7.2:0
sys-fs/e2fsprogs:1.47.4:0
sys-fs/dosfstools:4.2:0
sys-fs/squashfs-tools:4.7.5:0
app-shells/zsh:5.9.0.3-r2:0
app-shells/bash-completion:2.17.0:0
net-misc/rsync:3.4.1-r2:0
sys-apps/the_silver_searcher:2.2.0_p20201217-r4:0
app-arch/zip:3.0-r7:0
app-arch/unzip:6.0_p29-r2:0
net-misc/socat:1.8.1.1:0
net-analyzer/iftop:1.0_pre4-r5:0
net-analyzer/tcpdump:4.99.6:0
sys-apps/smartmontools:7.5-r1:0
sys-apps/hdparm:9.65-r2:0
sys-apps/dmidecode:3.7:0
sys-libs/gpm:1.20.7-r6:0
games-misc/bsd-games:3.3:0
app-misc/figlet:2.2.5-r2:0
app-misc/cmatrix:2.0-r6:0
app-misc/sl:5.02-r1:0
games-roguelike/nethack:3.6.7-r1:0
